PackratFormat: 1.4
PackratVersion: 0.4.8.1
RVersion: 3.4.3
Repos: CRAN=https://cloud.r-project.org/

Package: BH
Source: CRAN
Version: 1.66.0-1
Hash: 4cc8883584b955ed01f38f68bc03af6d

Package: DBI
Source: CRAN
Version: 0.7
Hash: 1ab72df487f06ad5f0de05446cdd4bd6

Package: Formula
Source: CRAN
Version: 1.2-2
Hash: 31c4658e6ae879eee45fcf7b6d109464

Package: R6
Source: CRAN
Version: 2.2.2
Hash: b2366cd9d2f3851a5704b4e192b985c2

Package: RJDBC
Source: CRAN
Version: 0.2-7
Hash: e974f66037f6f1a6a42fc6e50a3f6e06
Requires: DBI, rJava

Package: Rcpp
Source: CRAN
Version: 0.12.15
Hash: a419463fc86b3ecc7338ae3ac3bbb268

Package: assertthat
Source: CRAN
Version: 0.2.0
Hash: e8805df54c65ac96d50235c44a82615c

Package: backports
Source: CRAN
Version: 1.1.2
Hash: 5ae7b3466e529e4400951ca18c137e40

Package: base64enc
Source: CRAN
Version: 0.1-3
Hash: c590d29e555926af053055e23ee79efb

Package: bdsmatrix
Source: CRAN
Version: 1.3-3
Hash: 2b412ab3442f9825dd1086c277a27543

Package: bindr
Source: CRAN
Version: 0.1
Hash: e3a02070cf705d3ad1c5af1635a515a3

Package: bindrcpp
Source: CRAN
Version: 0.2
Hash: 2d69ff431a54f6c4a750754b88c7e0af
Requires: Rcpp, bindr, plogr

Package: bookdown
Source: CRAN
Version: 0.7
Hash: e5916615038d3cedf27b78814803877c
Requires: htmltools, knitr, rmarkdown, tinytex, xfun, yaml

Package: cli
Source: CRAN
Version: 1.0.0
Hash: f4239f89feb7ddc65821e4514e9734ae
Requires: assertthat, crayon

Package: crayon
Source: CRAN
Version: 1.3.4
Hash: ff2840dd9b0d563fc80377a5a45510cd

Package: digest
Source: CRAN
Version: 0.6.15
Hash: 1f202ebd812ac7192be3739245746a13

Package: dplyr
Source: CRAN
Version: 0.7.4
Hash: c15022862b3eb28a528656b4b3b84e89
Requires: BH, R6, Rcpp, assertthat, bindrcpp, glue, magrittr,
    pkgconfig, plogr, rlang, tibble

Package: evaluate
Source: CRAN
Version: 0.10.1
Hash: 54d95f4ec6d0300100413ed0127d89ae
Requires: stringr

Package: glue
Source: CRAN
Version: 1.2.0
Hash: 381e42baedecc633c0e547a0c7ca9de7

Package: highr
Source: CRAN
Version: 0.6
Hash: aa3d5b7912b5fed4b546ed5cd2a1760b

Package: htmltools
Source: CRAN
Version: 0.3.6
Hash: f6fa1ff1db422a2c5227be30cab6c273
Requires: Rcpp, digest

Package: jsonlite
Source: CRAN
Version: 1.5
Hash: 9c51936d8dd00b2f1d4fe9d10499694c

Package: knitr
Source: CRAN
Version: 1.19
Hash: d2175cc3b7faadedb1a1a3b6453e7842
Requires: evaluate, highr, markdown, stringr, yaml

Package: lfe
Source: CRAN
Version: 2.6-2291
Hash: 0030ecb4c32a82e3b1d22e3546f9e16a
Requires: Formula, sandwich, xtable

Package: lmtest
Source: CRAN
Version: 0.9-35
Hash: 370fc77c3949074497a1dac38180b4a9
Requires: zoo

Package: magrittr
Source: CRAN
Version: 1.5
Hash: bdc4d48c3135e8f3b399536ddf160df4

Package: markdown
Source: CRAN
Version: 0.8
Hash: 045d7c594d503b41f1c28946d076c8aa
Requires: mime

Package: maxLik
Source: CRAN
Version: 1.3-4
Hash: ae2b325d90e80bccf8e0d29fcf854007
Requires: miscTools, sandwich

Package: mime
Source: CRAN
Version: 0.5
Hash: 463550cf44fb6f0a2359368f42eebe62

Package: miscTools
Source: CRAN
Version: 0.6-22
Hash: 8765a7c0f53117325944e1565d9fa323

Package: mnormt
Source: CRAN
Version: 1.5-5
Hash: d0d5efbb1fb26d2dc5f9394c223084b5

Package: packrat
Source: CRAN
Version: 0.4.8-1
Hash: 6ad605ba7b4b476d84be6632393f5765

Package: pillar
Source: CRAN
Version: 1.1.0
Hash: 576bf712d620ca2b6ca76ca7b6cb5547
Requires: cli, crayon, rlang, utf8

Package: pkgconfig
Source: CRAN
Version: 2.0.1
Hash: 0dda4a2654a22b36a715c2b0b6fbacac

Package: plm
Source: CRAN
Version: 1.6-6
Hash: a2bf57195f0a4df721802d200cf104f9
Requires: Formula, bdsmatrix, lmtest, maxLik, sandwich, zoo

Package: plogr
Source: CRAN
Version: 0.1-1
Hash: fb19215402e2d9f1c7f803dcaa806fc2

Package: psych
Source: CRAN
Version: 1.7.8
Hash: a9e7713423365e42e06413285a89e610
Requires: mnormt

Package: rJava
Source: CRAN
Version: 0.9-9
Hash: ebf54080d6f36f3814cce27e5325d4e3

Package: rlang
Source: CRAN
Version: 0.1.6
Hash: 8eb4b2dce38b8f663cb9364b28eaa76b

Package: rmarkdown
Source: CRAN
Version: 1.8
Hash: 2a7842e3cee62a79dd737d17e9e9d86b
Requires: base64enc, evaluate, htmltools, jsonlite, knitr, mime,
    rprojroot, stringr, yaml

Package: rprojroot
Source: CRAN
Version: 1.3-2
Hash: a25c3f70c166fb3fbabc410eb32b6366
Requires: backports

Package: sandwich
Source: CRAN
Version: 2.4-0
Hash: 754ae8e02f70c5561f75f7a95ea452cc
Requires: zoo

Package: stargazer
Source: CRAN
Version: 5.2.1
Hash: 13fb93654b1f1822a3302195c71cbca7

Package: stringi
Source: CRAN
Version: 1.1.6
Hash: 4430faf2bcbe1b8de0d9be55bcfdcc0b

Package: stringr
Source: CRAN
Version: 1.2.0
Hash: 25a86d7f410513ebb7c0bc6a5e16bdc3
Requires: magrittr, stringi

Package: tibble
Source: CRAN
Version: 1.4.2
Hash: 83895360ce4f8d2ce92eee00526b5b0b
Requires: cli, crayon, pillar, rlang

Package: tinytex
Source: CRAN
Version: 0.3
Hash: d0cc5ba502d75c8ee98c7959d33f471a

Package: utf8
Source: CRAN
Version: 1.1.3
Hash: a2fe6a996668ee5850b7719f365e831b

Package: xfun
Source: CRAN
Version: 0.1
Hash: 5a219975e4ff4b0daf0ded026fe0dd2f

Package: xtable
Source: CRAN
Version: 1.8-2
Hash: 7293235cfcc14cdff1ce7fd1a0212031

Package: yaml
Source: CRAN
Version: 2.1.16
Hash: 784ea5d8302d4a81f166a32a33c10711

Package: zoo
Source: CRAN
Version: 1.8-1
Hash: 4662280a4dad0f93d6ecfdf797fc1cf2
